
Microsoft Visual Studio Solution File, Format Version 12.00
# Visual Studio 15
VisualStudioVersion = 15.0.28010.2046
MinimumVisualStudioVersion = 10.0.40219.1
Project("{FAE04EC0-301F-11D3-BF4B-00C04F79EFBC}") = "MusicPlayer", "MusicPlayer\MusicPlayer.csproj", "{ED227CEE-FB36-4B0F-8EDB-0F0EA353FDEF}"
EndProject
Global
	GlobalSection(SolutionConfigurationPlatforms) = preSolution
		Debug|Any CPU = Debug|Any CPU
		Release|Any CPU = Release|Any CPU
	EndGlobalSection
	GlobalSection(ProjectConfigurationPlatforms) = postSolution
		{ED227CEE-FB36-4B0F-8EDB-0F0EA353FDEF}.Debug|Any CPU.ActiveCfg = Debug|Any CPU
		{ED227CEE-FB36-4B0F-8EDB-0F0EA353FDEF}.Debug|Any CPU.Build.0 = Debug|Any CPU
		{ED227CEE-FB36-4B0F-8EDB-0F0EA353FDEF}.Release|Any CPU.ActiveCfg = Release|Any CPU
		{ED227CEE-FB36-4B0F-8EDB-0F0EA353FDEF}.Release|Any CPU.Build.0 = Release|Any CPU
	EndGlobalSection
	GlobalSection(SolutionProperties) = preSolution
		HideSolutionNode = FALSE
	EndGlobalSection
	GlobalSection(ExtensibilityGlobals) = postSolution
		SolutionGuid = {9EC249EA-CAC1-49A2-B185-57D149F3BC89}
	EndGlobalSection
EndGlobal
